
Microsoft Visual Studio Solution File, Format Version 12.00
# Visual Studio Version 17
VisualStudioVersion = 17.7.34221.43
MinimumVisualStudioVersion = 10.0.40219.1
Project("{FAE04EC0-301F-11D3-BF4B-00C04F79EFBC}") = "endPointRouting", "endPointRouting.csproj", "{DBB7F676-6CFF-4A3C-9426-3D7D84DED92B}"
EndProject
Global
	GlobalSection(SolutionConfigurationPlatforms) = preSolution
		Debug|Any CPU = Debug|Any CPU
		Release|Any CPU = Release|Any CPU
	EndGlobalSection
	GlobalSection(ProjectConfigurationPlatforms) = postSolution
		{DBB7F676-6CFF-4A3C-9426-3D7D84DED92B}.Debug|Any CPU.ActiveCfg = Debug|Any CPU
		{DBB7F676-6CFF-4A3C-9426-3D7D84DED92B}.Debug|Any CPU.Build.0 = Debug|Any CPU
		{DBB7F676-6CFF-4A3C-9426-3D7D84DED92B}.Release|Any CPU.ActiveCfg = Release|Any CPU
		{DBB7F676-6CFF-4A3C-9426-3D7D84DED92B}.Release|Any CPU.Build.0 = Release|Any CPU
	EndGlobalSection
	GlobalSection(SolutionProperties) = preSolution
		HideSolutionNode = FALSE
	EndGlobalSection
	GlobalSection(ExtensibilityGlobals) = postSolution
		SolutionGuid = {AE7C2916-2D96-4465-B25A-4DA82D349F9A}
	EndGlobalSection
EndGlobal
